
Microsoft Visual Studio Solution File, Format Version 12.00
# Visual Studio Version 16
VisualStudioVersion = 16.0.33801.447
MinimumVisualStudioVersion = 10.0.40219.1
Project("{FAE04EC0-301F-11D3-BF4B-00C04F79EFBC}") = "Test_EVN", "Test_EVN.csproj", "{E4AEC1C6-5C39-47B1-B711-679F515CA422}"
EndProject
Global
	GlobalSection(SolutionConfigurationPlatforms) = preSolution
		Debug|Any CPU = Debug|Any CPU
		Release|Any CPU = Release|Any CPU
	EndGlobalSection
	GlobalSection(ProjectConfigurationPlatforms) = postSolution
		{E4AEC1C6-5C39-47B1-B711-679F515CA422}.Debug|Any CPU.ActiveCfg = Debug|Any CPU
		{E4AEC1C6-5C39-47B1-B711-679F515CA422}.Debug|Any CPU.Build.0 = Debug|Any CPU
		{E4AEC1C6-5C39-47B1-B711-679F515CA422}.Release|Any CPU.ActiveCfg = Release|Any CPU
		{E4AEC1C6-5C39-47B1-B711-679F515CA422}.Release|Any CPU.Build.0 = Release|Any CPU
	EndGlobalSection
	GlobalSection(SolutionProperties) = preSolution
		HideSolutionNode = FALSE
	EndGlobalSection
	GlobalSection(ExtensibilityGlobals) = postSolution
		SolutionGuid = {AB732F15-A5E2-46A2-97F4-82A45095C860}
	EndGlobalSection
EndGlobal
